
Microsoft Visual Studio Solution File, Format Version 12.00
# Visual Studio Version 17
VisualStudioVersion = 17.9.34728.123
MinimumVisualStudioVersion = 10.0.40219.1
Project("{FAE04EC0-301F-11D3-BF4B-00C04F79EFBC}") = "LoginWithSession", "LoginWithSession.csproj", "{AFD8574A-5C6E-4171-8679-BE287A6BB2E6}"
EndProject
Global
	GlobalSection(SolutionConfigurationPlatforms) = preSolution
		Debug|Any CPU = Debug|Any CPU
		Release|Any CPU = Release|Any CPU
	EndGlobalSection
	GlobalSection(ProjectConfigurationPlatforms) = postSolution
		{AFD8574A-5C6E-4171-8679-BE287A6BB2E6}.Debug|Any CPU.ActiveCfg = Debug|Any CPU
		{AFD8574A-5C6E-4171-8679-BE287A6BB2E6}.Debug|Any CPU.Build.0 = Debug|Any CPU
		{AFD8574A-5C6E-4171-8679-BE287A6BB2E6}.Release|Any CPU.ActiveCfg = Release|Any CPU
		{AFD8574A-5C6E-4171-8679-BE287A6BB2E6}.Release|Any CPU.Build.0 = Release|Any CPU
	EndGlobalSection
	GlobalSection(SolutionProperties) = preSolution
		HideSolutionNode = FALSE
	EndGlobalSection
	GlobalSection(ExtensibilityGlobals) = postSolution
		SolutionGuid = {12C1DC8C-82BF-489C-A116-D6441F235B8E}
	EndGlobalSection
EndGlobal
